{
  "name": "root",
  "version": "1.0.0",
  "lockfileVersion": 3,
  "requires": true,
  "packages": {
    "": {
      "name": "root",
      "version": "1.0.0",
      "dependencies": {
        "dep": "^1.0.0",
        "peer2": "^2.0.0"
      }
    },
    "node_modules/dep": {
      "version": "1.0.0",
      "peerDependencies": {
        "peer1": "^1.0.0",
        "peer2": "^2.0.0",
        "peer3": "npm:peer2@^3.0.0"
      },
      "peerDependenciesMeta": {
        "peer1": {
          "optional": true
        },
        "peer2": {
          "optional": true
        }
      }
    },
    "node_modules/peer2": {
      "version": "2.0.0"
    },
    "node_modules/peer3": {
      "name": "peer2",
      "version": "3.0.0",
      "peer": true
    }
  }
}
