{
  "name": "test-pkg",
  "version": "1.0.0",
  "lockfileVersion": 3,
  "packages": {
    "": {
      "name": "test-pkg",
      "version": "1.0.0",
      "dependencies": {
        "a": "^1.0.0",
        "b": "^1.0.0",
        "c": "^1.0.0",
        "d-aliased1": "npm:d@^1.0.0",
        "g": "^2.0.0"
      },
      "devDependencies": {
        "d-aliased2": "npm:d@^1.2.3"
      }
    },
    "node_modules/a": {
      "version": "1.0.0",
      "dependencies": {
        "d": "^1.0.0",
        "g": "^1.0.0"
      }
    },
    "node_modules/a/node_modules/g": {
      "version": "1.0.0"
    },
    "node_modules/b": {
      "version": "1.0.0",
      "dependencies": {
        "d": "latest",
        "g": "^1.0.0"
      }
    },
    "node_modules/b/node_modules/g": {
      "version": "1.0.0"
    },
    "node_modules/c": {
      "version": "1.0.0",
      "dependencies": {
        "d": "<3"
      }
    },
    "node_modules/d": {
      "version": "1.0.0",
      "dependencies": {
        "e": "^1.0.0"
      }
    },
    "node_modules/d-aliased1": {
      "name": "d",
      "version": "1.0.0",
      "dependencies": {
        "e": "^1.0.0"
      }
    },
    "node_modules/d-aliased2": {
      "name": "d",
      "version": "1.2.3",
      "dependencies": {
        "e": "^1.1.0"
      }
    },
    "node_modules/e": {
      "version": "1.1.0"
    },
    "node_modules/g": {
      "version": "2.0.0"
    }
  }
}
