{
  "version": 1,
  "dependencies": {
    "net6.0": {
      "Core.Dep": {
        "type": "Direct",
        "requested": "[1.24.0, )",
        "resolved": "1.24.0",
        "contentHash": "+/qI1j2oU1S4/nvxb2k/wDsol00iGf1AyJX5g3epV7eOpQEP/2xcgh/cxgKMeFgn3U2fmgSiBnQZdkV+l5y0Uw==",
        "dependencies": {
          "Some.Dep.One": "1.1.1",
          "Some.Dep.Two": "4.6.0",
          "Some.Dep.Three": "1.0.2",
          "Some.Dep.Four": "4.5.0",
          "Some.Longer.Name.Dep": "4.7.2",
          "Some.Dep.Five": "4.7.2",
          "Another.Longer.Name.Dep": "4.5.4"
        }
      },
      "Some.Dep.One": {
        "type": "Transitive",
        "resolved": "1.1.1",
        "contentHash": "yuvf07qFWFqtK3P/MRkEKLhn5r2UbSpVueRziSqj0yJQIKFwG1pq9mOayK3zE5qZCTs0CbrwL9M6R8VwqyGy2w=="
      },
      "Some.Dep.Two": {
        "type": "Transitive",
        "resolved": "4.6.0",
        "contentHash": "mbBgoR0rRfl2uimsZ2avZY8g7Xnh1Mza0rJZLPcxqiMWlkGukjmRkuMJ/er+AhQuiRIh80CR/Hpeztr80seV5g=="
      },
      "Some.Dep.Three": {
        "type": "Transitive",
        "resolved": "1.0.2",
        "contentHash": "JGkzeqgBsiZwKJZ1IxPNsDFZDhUvuEdX8L8BDC8N3KOj+6zMcNU28CNN59TpZE/VJYy9cP+5M+sbxtWJx3/xtw==",
        "dependencies": {
          "Some.Longer.Name.Dep": "4.7.2",
          "Some.Dep.Five": "4.6.0"
        }
      },
      "Some.Dep.Four": {
        "type": "Transitive",
        "resolved": "4.5.0",
        "contentHash": "QQTlPTl06J/iiDbJCiepZ4H//BVraReU4O4EoRw1U02H5TLUIT7xn3GnDp9AXPSlJUDyFs4uWjWafNX6WrAojQ=="
      },
      "Some.Longer.Name.Dep": {
        "type": "Transitive",
        "resolved": "4.7.2",
        "contentHash": "iTUgB/WtrZ1sWZs84F2hwyQhiRH6QNjQv2DkwrH+WP6RoFga2Q1m3f9/Q7FG8cck8AdHitQkmkXSY8qylcDmuA=="
      },
      "Some.Dep.Five": {
        "type": "Transitive",
        "resolved": "4.7.2",
        "contentHash": "TcMd95wcrubm9nHvJEQs70rC0H/8omiSGGpU4FQ/ZA1URIqD4pjmFJh2Mfv1yH1eHgJDWTi2hMDXwTET+zOOyg=="
      },
      "Another.Longer.Name.Dep": {
        "type": "Transitive",
        "resolved": "4.5.4",
        "contentHash": "zteT+G8xuGu6mS+mzDzYXbzS7rd3K6Fjb9RiZlYlJPam2/hU7JCBZBVEcywNuR+oZ1ncTvc/cq0faRr3P01OVg=="
      }
    }
  }
}
