{"1.2.0",
[{<<"gradualizer">>,
  {git,"https://github.com/josefs/Gradualizer.git",
       {ref,"3021d29d82741399d131e3be38d2a8db79d146d4"}},
  0},
 {<<"yamerl">>,
  {git,"https://github.com/erlang-ls/yamerl.git",
       {ref,"9a9f7a2e84554992f2e8e08a8060bfe97776a5b7"}},
  0},
 {<<"nested_app">>,
  {git_subdir,"https://github.com/my-org/umbrella.git",
              {ref,"bef3ee1d3618017061498b96c75043e8449ef9b5"},
              "apps/nested_app"},
  1}]}.
